// !$*UTF8*$!
{
	archiveVersion = 1;
	classes = {
	};
	objectVersion = 55;
	objects = {

/* Begin PBXBuildFile section */
		CF3EEBDA2872766100BFF417 /* AppDelegate.swift in Sources */ = {isa = PBXBuildFile; fileRef = CF3EEBD92872766100BFF417 /* AppDelegate.swift */; };
		CF3EEBDC2872766100BFF417 /* SceneDelegate.swift in Sources */ = {isa = PBXBuildFile; fileRef = CF3EEBDB2872766100BFF417 /* SceneDelegate.swift */; };
		CF3EEBDE2872766100BFF417 /* ViewController.swift in Sources */ = {isa = PBXBuildFile; fileRef = CF3EEBDD2872766100BFF417 /* ViewController.swift */; };
		CF3EEBE12872766100BFF417 /* Main.storyboard in Resources */ = {isa = PBXBuildFile; fileRef = CF3EEBDF2872766100BFF417 /* Main.storyboard */; };
		CF3EEBE32872766400BFF417 /* Assets.xcassets in Resources */ = {isa = PBXBuildFile; fileRef = CF3EEBE22872766400BFF417 /* Assets.xcassets */; };
		CF3EEBE62872766400BFF417 /* LaunchScreen.storyboard in Resources */ = {isa = PBXBuildFile; fileRef = CF3EEBE42872766400BFF417 /* LaunchScreen.storyboard */; };
		CF3EEBF12872766400BFF417 /* MovieTests.swift in Sources */ = {isa = PBXBuildFile; fileRef = CF3EEBF02872766400BFF417 /* MovieTests.swift */; };
		CF3EEBFB2872766400BFF417 /* MovieUITests.swift in Sources */ = {isa = PBXBuildFile; fileRef = CF3EEBFA2872766400BFF417 /* MovieUITests.swift */; };
		CF3EEBFD2872766400BFF417 /* MovieUITestsLaunchTests.swift in Sources */ = {isa = PBXBuildFile; fileRef = CF3EEBFC2872766400BFF417 /* MovieUITestsLaunchTests.swift */; };
		CF3EEC6A2873DA4300BFF417 /* FirstViewController.swift in Sources */ = {isa = PBXBuildFile; fileRef = CF3EEC692873DA4200BFF417 /* FirstViewController.swift */; };
		CF3EEC6C2873DAB100BFF417 /* SecondViewController.swift in Sources */ = {isa = PBXBuildFile; fileRef = CF3EEC6B2873DAB100BFF417 /* SecondViewController.swift */; };
/* End PBXBuildFile section */

/* Begin PBXContainerItemProxy section */
		CF3EEBED2872766400BFF417 /* PBXContainerItemProxy */ = {
			isa = PBXContainerItemProxy;
			containerPortal = CF3EEBCE2872766100BFF417 /* Project object */;
			proxyType = 1;
			remoteGlobalIDString = CF3EEBD52872766100BFF417;
			remoteInfo = Movie;
		};
		CF3EEBF72872766400BFF417 /* PBXContainerItemProxy */ = {
			isa = PBXContainerItemProxy;
			containerPortal = CF3EEBCE2872766100BFF417 /* Project object */;
			proxyType = 1;
			remoteGlobalIDString = CF3EEBD52872766100BFF417;
			remoteInfo = Movie;
		};
/* End PBXContainerItemProxy section */

/* Begin PBXFileReference section */
		CF3EEBD62872766100BFF417 /* Movie.app */ = {isa = PBXFileReference; explicitFileType = wrapper.application; includeInIndex = 0; path = Movie.app; sourceTree = BUILT_PRODUCTS_DIR; };
		CF3EEBD92872766100BFF417 /* AppDelegate.swift */ = {isa = PBXFileReference; lastKnownFileType = sourcecode.swift; path = AppDelegate.swift; sourceTree = "<group>"; };
		CF3EEBDB2872766100BFF417 /* SceneDelegate.swift */ = {isa = PBXFileReference; lastKnownFileType = sourcecode.swift; path = SceneDelegate.swift; sourceTree = "<group>"; };
		CF3EEBDD2872766100BFF417 /* ViewController.swift */ = {isa = PBXFileReference; lastKnownFileType = sourcecode.swift; path = ViewController.swift; sourceTree = "<group>"; };
		CF3EEBE02872766100BFF417 /* Base */ = {isa = PBXFileReference; lastKnownFileType = file.storyboard; name = Base; path = Base.lproj/Main.storyboard; sourceTree = "<group>"; };
		CF3EEBE22872766400BFF417 /* Assets.xcassets */ = {isa = PBXFileReference; lastKnownFileType = folder.assetcatalog; path = Assets.xcassets; sourceTree = "<group>"; };
		CF3EEBE52872766400BFF417 /* Base */ = {isa = PBXFileReference; lastKnownFileType = file.storyboard; name = Base; path = Base.lproj/LaunchScreen.storyboard; sourceTree = "<group>"; };
		CF3EEBE72872766400BFF417 /* Info.plist */ = {isa = PBXFileReference; lastKnownFileType = text.plist.xml; path = Info.plist; sourceTree = "<group>"; };
		CF3EEBEC2872766400BFF417 /* MovieTests.xctest */ = {isa = PBXFileReference; explicitFileType = wrapper.cfbundle; includeInIndex = 0; path = MovieTests.xctest; sourceTree = BUILT_PRODUCTS_DIR; };
		CF3EEBF02872766400BFF417 /* MovieTests.swift */ = {isa = PBXFileReference; lastKnownFileType = sourcecode.swift; path = MovieTests.swift; sourceTree = "<group>"; };
		CF3EEBF62872766400BFF417 /* MovieUITests.xctest */ = {isa = PBXFileReference; explicitFileType = wrapper.cfbundle; includeInIndex = 0; path = MovieUITests.xctest; sourceTree = BUILT_PRODUCTS_DIR; };
		CF3EEBFA2872766400BFF417 /* MovieUITests.swift */ = {isa = PBXFileReference; lastKnownFileType = sourcecode.swift; path = MovieUITests.swift; sourceTree = "<group>"; };
		CF3EEBFC2872766400BFF417 /* MovieUITestsLaunchTests.swift */ = {isa = PBXFileReference; lastKnownFileType = sourcecode.swift; path = MovieUITestsLaunchTests.swift; sourceTree = "<group>"; };
		CF3EEC692873DA4200BFF417 /* FirstViewController.swift */ = {isa = PBXFileReference; lastKnownFileType = sourcecode.swift; path = FirstViewController.swift; sourceTree = "<group>"; };
		CF3EEC6B2873DAB100BFF417 /* SecondViewController.swift */ = {isa = PBXFileReference; lastKnownFileType = sourcecode.swift; path = SecondViewController.swift; sourceTree = "<group>"; };
/* End PBXFileReference section */

/* Begin PBXFrameworksBuildPhase section */
		CF3EEBD32872766100BFF417 /* Frameworks */ = {
			isa = PBXFrameworksBuildPhase;
			buildActionMask = 2147483647;
			files = (
			);
			runOnlyForDeploymentPostprocessing = 0;
		};
		CF3EEBE92872766400BFF417 /* Frameworks */ = {
			isa = PBXFrameworksBuildPhase;
			buildActionMask = 2147483647;
			files = (
			);
			runOnlyForDeploymentPostprocessing = 0;
		};
		CF3EEBF32872766400BFF417 /* Frameworks */ = {
			isa = PBXFrameworksBuildPhase;
			buildActionMask = 2147483647;
			files = (
			);
			runOnlyForDeploymentPostprocessing = 0;
		};
/* End PBXFrameworksBuildPhase section */

/* Begin PBXGroup section */
		CF3EEBCD2872766100BFF417 = {
			isa = PBXGroup;
			children = (
				CF3EEBD82872766100BFF417 /* Movie */,
				CF3EEBEF2872766400BFF417 /* MovieTests */,
				CF3EEBF92872766400BFF417 /* MovieUITests */,
				CF3EEBD72872766100BFF417 /* Products */,
			);
			sourceTree = "<group>";
		};
		CF3EEBD72872766100BFF417 /* Products */ = {
			isa = PBXGroup;
			children = (
				CF3EEBD62872766100BFF417 /* Movie.app */,
				CF3EEBEC2872766400BFF417 /* MovieTests.xctest */,
				CF3EEBF62872766400BFF417 /* MovieUITests.xctest */,
			);
			name = Products;
			sourceTree = "<group>";
		};
		CF3EEBD82872766100BFF417 /* Movie */ = {
			isa = PBXGroup;
			children = (
				CF3EEBD92872766100BFF417 /* AppDelegate.swift */,
				CF3EEBDB2872766100BFF417 /* SceneDelegate.swift */,
				CF3EEBDD2872766100BFF417 /* ViewController.swift */,
				CF3EEBDF2872766100BFF417 /* Main.storyboard */,
				CF3EEBE22872766400BFF417 /* Assets.xcassets */,
				CF3EEBE42872766400BFF417 /* LaunchScreen.storyboard */,
				CF3EEBE72872766400BFF417 /* Info.plist */,
				CF3EEC692873DA4200BFF417 /* FirstViewController.swift */,
				CF3EEC6B2873DAB100BFF417 /* SecondViewController.swift */,
			);
			path = Movie;
			sourceTree = "<group>";
		};
		CF3EEBEF2872766400BFF417 /* MovieTests */ = {
			isa = PBXGroup;
			children = (
				CF3EEBF02872766400BFF417 /* MovieTests.swift */,
			);
			path = MovieTests;
			sourceTree = "<group>";
		};
		CF3EEBF92872766400BFF417 /* MovieUITests */ = {
			isa = PBXGroup;
			children = (
				CF3EEBFA2872766400BFF417 /* MovieUITests.swift */,
				CF3EEBFC2872766400BFF417 /* MovieUITestsLaunchTests.swift */,
			);
			path = MovieUITests;
			sourceTree = "<group>";
		};
/* End PBXGroup section */

/* Begin PBXNativeTarget section */
		CF3EEBD52872766100BFF417 /* Movie */ = {
			isa = PBXNativeTarget;
			buildConfigurationList = CF3EEC002872766400BFF417 /* Build configuration list for PBXNativeTarget "Movie" */;
			buildPhases = (
				CF3EEBD22872766100BFF417 /* Sources */,
				CF3EEBD32872766100BFF417 /* Frameworks */,
				CF3EEBD42872766100BFF417 /* Resources */,
			);
			buildRules = (
			);
			dependencies = (
			);
			name = Movie;
			productName = Movie;
			productReference = CF3EEBD62872766100BFF417 /* Movie.app */;
			productType = "com.apple.product-type.application";
		};
		CF3EEBEB2872766400BFF417 /* MovieTests */ = {
			isa = PBXNativeTarget;
			buildConfigurationList = CF3EEC032872766400BFF417 /* Build configuration list for PBXNativeTarget "MovieTests" */;
			buildPhases = (
				CF3EEBE82872766400BFF417 /* Sources */,
				CF3EEBE92872766400BFF417 /* Frameworks */,
				CF3EEBEA2872766400BFF417 /* Resources */,
			);
			buildRules = (
			);
			dependencies = (
				CF3EEBEE2872766400BFF417 /* PBXTargetDependency */,
			);
			name = MovieTests;
			productName = MovieTests;
			productReference = CF3EEBEC2872766400BFF417 /* MovieTests.xctest */;
			productType = "com.apple.product-type.bundle.unit-test";
		};
		CF3EEBF52872766400BFF417 /* MovieUITests */ = {
			isa = PBXNativeTarget;
			buildConfigurationList = CF3EEC062872766400BFF417 /* Build configuration list for PBXNativeTarget "MovieUITests" */;
			buildPhases = (
				CF3EEBF22872766400BFF417 /* Sources */,
				CF3EEBF32872766400BFF417 /* Frameworks */,
				CF3EEBF42872766400BFF417 /* Resources */,
			);
			buildRules = (
			);
			dependencies = (
				CF3EEBF82872766400BFF417 /* PBXTargetDependency */,
			);
			name = MovieUITests;
			productName = MovieUITests;
			productReference = CF3EEBF62872766400BFF417 /* MovieUITests.xctest */;
			productType = "com.apple.product-type.bundle.ui-testing";
		};
/* End PBXNativeTarget section */

/* Begin PBXProject section */
		CF3EEBCE2872766100BFF417 /* Project object */ = {
			isa = PBXProject;
			attributes = {
				BuildIndependentTargetsInParallel = 1;
				LastSwiftUpdateCheck = 1340;
				LastUpgradeCheck = 1340;
				TargetAttributes = {
					CF3EEBD52872766100BFF417 = {
						CreatedOnToolsVersion = 13.4.1;
					};
					CF3EEBEB2872766400BFF417 = {
						CreatedOnToolsVersion = 13.4.1;
						TestTargetID = CF3EEBD52872766100BFF417;
					};
					CF3EEBF52872766400BFF417 = {
						CreatedOnToolsVersion = 13.4.1;
						TestTargetID = CF3EEBD52872766100BFF417;
					};
				};
			};
			buildConfigurationList = CF3EEBD12872766100BFF417 /* Build configuration list for PBXProject "Movie" */;
			compatibilityVersion = "Xcode 13.0";
			developmentRegion = en;
			hasScannedForEncodings = 0;
			knownRegions = (
				en,
				Base,
			);
			mainGroup = CF3EEBCD2872766100BFF417;
			productRefGroup = CF3EEBD72872766100BFF417 /* Products */;
			projectDirPath = "";
			projectRoot = "";
			targets = (
				CF3EEBD52872766100BFF417 /* Movie */,
				CF3EEBEB2872766400BFF417 /* MovieTests */,
				CF3EEBF52872766400BFF417 /* MovieUITests */,
			);
		};
/* End PBXProject section */

/* Begin PBXResourcesBuildPhase section */
		CF3EEBD42872766100BFF417 /* Resources */ = {
			isa = PBXResourcesBuildPhase;
			buildActionMask = 2147483647;
			files = (
				CF3EEBE62872766400BFF417 /* LaunchScreen.storyboard in Resources */,
				CF3EEBE32872766400BFF417 /* Assets.xcassets in Resources */,
				CF3EEBE12872766100BFF417 /* Main.storyboard in Resources */,
			);
			runOnlyForDeploymentPostprocessing = 0;
		};
		CF3EEBEA2872766400BFF417 /* Resources */ = {
			isa = PBXResourcesBuildPhase;
			buildActionMask = 2147483647;
			files = (
			);
			runOnlyForDeploymentPostprocessing = 0;
		};
		CF3EEBF42872766400BFF417 /* Resources */ = {
			isa = PBXResourcesBuildPhase;
			buildActionMask = 2147483647;
			files = (
			);
			runOnlyForDeploymentPostprocessing = 0;
		};
/* End PBXResourcesBuildPhase section */

/* Begin PBXSourcesBuildPhase section */
		CF3EEBD22872766100BFF417 /* Sources */ = {
			isa = PBXSourcesBuildPhase;
			buildActionMask = 2147483647;
			files = (
				CF3EEBDE2872766100BFF417 /* ViewController.swift in Sources */,
				CF3EEBDA2872766100BFF417 /* AppDelegate.swift in Sources */,
				CF3EEBDC2872766100BFF417 /* SceneDelegate.swift in Sources */,
				CF3EEC6C2873DAB100BFF417 /* SecondViewController.swift in Sources */,
				CF3EEC6A2873DA4300BFF417 /* FirstViewController.swift in Sources */,
			);
			runOnlyForDeploymentPostprocessing = 0;
		};
		CF3EEBE82872766400BFF417 /* Sources */ = {
			isa = PBXSourcesBuildPhase;
			buildActionMask = 2147483647;
			files = (
				CF3EEBF12872766400BFF417 /* MovieTests.swift in Sources */,
			);
			runOnlyForDeploymentPostprocessing = 0;
		};
		CF3EEBF22872766400BFF417 /* Sources */ = {
			isa = PBXSourcesBuildPhase;
			buildActionMask = 2147483647;
			files = (
				CF3EEBFB2872766400BFF417 /* MovieUITests.swift in Sources */,
				CF3EEBFD2872766400BFF417 /* MovieUITestsLaunchTests.swift in Sources */,
			);
			runOnlyForDeploymentPostprocessing = 0;
		};
/* End PBXSourcesBuildPhase section */

/* Begin PBXTargetDependency section */
		CF3EEBEE2872766400BFF417 /* PBXTargetDependency */ = {
			isa = PBXTargetDependency;
			target = CF3EEBD52872766100BFF417 /* Movie */;
			targetProxy = CF3EEBED2872766400BFF417 /* PBXContainerItemProxy */;
		};
		CF3EEBF82872766400BFF417 /* PBXTargetDependency */ = {
			isa = PBXTargetDependency;
			target = CF3EEBD52872766100BFF417 /* Movie */;
			targetProxy = CF3EEBF72872766400BFF417 /* PBXContainerItemProxy */;
		};
/* End PBXTargetDependency section */

/* Begin PBXVariantGroup section */
		CF3EEBDF2872766100BFF417 /* Main.storyboard */ = {
			isa = PBXVariantGroup;
			children = (
				CF3EEBE02872766100BFF417 /* Base */,
			);
			name = Main.storyboard;
			sourceTree = "<group>";
		};
		CF3EEBE42872766400BFF417 /* LaunchScreen.storyboard */ = {
			isa = PBXVariantGroup;
			children = (
				CF3EEBE52872766400BFF417 /* Base */,
			);
			name = LaunchScreen.storyboard;
			sourceTree = "<group>";
		};
/* End PBXVariantGroup section */

/* Begin XCBuildConfiguration section */
		CF3EEBFE2872766400BFF417 /* Debug */ = {
			isa = XCBuildConfiguration;
			buildSettings = {
				ALWAYS_SEARCH_USER_PATHS = NO;
				CLANG_ANALYZER_NONNULL = YES;
				CLANG_ANALYZER_NUMBER_OBJECT_CONVERSION = YES_AGGRESSIVE;
				CLANG_CXX_LANGUAGE_STANDARD = "gnu++17";
				CLANG_ENABLE_MODULES = YES;
				CLANG_ENABLE_OBJC_ARC = YES;
				CLANG_ENABLE_OBJC_WEAK = YES;
				CLANG_WARN_BLOCK_CAPTURE_AUTORELEASING = YES;
				CLANG_WARN_BOOL_CONVERSION = YES;
				CLANG_WARN_COMMA = YES;
				CLANG_WARN_CONSTANT_CONVERSION = YES;
				CLANG_WARN_DEPRECATED_OBJC_IMPLEMENTATIONS = YES;
				CLANG_WARN_DIRECT_OBJC_ISA_USAGE = YES_ERROR;
				CLANG_WARN_DOCUMENTATION_COMMENTS = YES;
				CLANG_WARN_EMPTY_BODY = YES;
				CLANG_WARN_ENUM_CONVERSION = YES;
				CLANG_WARN_INFINITE_RECURSION = YES;
				CLANG_WARN_INT_CONVERSION = YES;
				CLANG_WARN_NON_LITERAL_NULL_CONVERSION = YES;
				CLANG_WARN_OBJC_IMPLICIT_RETAIN_SELF = YES;
				CLANG_WARN_OBJC_LITERAL_CONVERSION = YES;
				CLANG_WARN_OBJC_ROOT_CLASS = YES_ERROR;
				CLANG_WARN_QUOTED_INCLUDE_IN_FRAMEWORK_HEADER = YES;
				CLANG_WARN_RANGE_LOOP_ANALYSIS = YES;
				CLANG_WARN_STRICT_PROTOTYPES = YES;
				CLANG_WARN_SUSPICIOUS_MOVE = YES;
				CLANG_WARN_UNGUARDED_AVAILABILITY = YES_AGGRESSIVE;
				CLANG_WARN_UNREACHABLE_CODE = YES;
				CLANG_WARN__DUPLICATE_METHOD_MATCH = YES;
				COPY_PHASE_STRIP = NO;
				DEBUG_INFORMATION_FORMAT = dwarf;
				ENABLE_STRICT_OBJC_MSGSEND = YES;
				ENABLE_TESTABILITY = YES;
				GCC_C_LANGUAGE_STANDARD = gnu11;
				GCC_DYNAMIC_NO_PIC = NO;
				GCC_NO_COMMON_BLOCKS = YES;
				GCC_OPTIMIZATION_LEVEL = 0;
				GCC_PREPROCESSOR_DEFINITIONS = (
					"DEBUG=1",
					"$(inherited)",
				);
				GCC_WARN_64_TO_32_BIT_CONVERSION = YES;
				GCC_WARN_ABOUT_RETURN_TYPE = YES_ERROR;
				GCC_WARN_UNDECLARED_SELECTOR = YES;
				GCC_WARN_UNINITIALIZED_AUTOS = YES_AGGRESSIVE;
				GCC_WARN_UNUSED_FUNCTION = YES;
				GCC_WARN_UNUSED_VARIABLE = YES;
				IPHONEOS_DEPLOYMENT_TARGET = 15.5;
				MTL_ENABLE_DEBUG_INFO = INCLUDE_SOURCE;
				MTL_FAST_MATH = YES;
				ONLY_ACTIVE_ARCH = YES;
				SDKROOT = iphoneos;
				SWIFT_ACTIVE_COMPILATION_CONDITIONS = DEBUG;
				SWIFT_OPTIMIZATION_LEVEL = "-Onone";
			};
			name = Debug;
		};
		CF3EEBFF2872766400BFF417 /* Release */ = {
			isa = XCBuildConfiguration;
			buildSettings = {
				ALWAYS_SEARCH_USER_PATHS = NO;
				CLANG_ANALYZER_NONNULL = YES;
				CLANG_ANALYZER_NUMBER_OBJECT_CONVERSION = YES_AGGRESSIVE;
				CLANG_CXX_LANGUAGE_STANDARD = "gnu++17";
				CLANG_ENABLE_MODULES = YES;
				CLANG_ENABLE_OBJC_ARC = YES;
				CLANG_ENABLE_OBJC_WEAK = YES;
				CLANG_WARN_BLOCK_CAPTURE_AUTORELEASING = YES;
				CLANG_WARN_BOOL_CONVERSION = YES;
				CLANG_WARN_COMMA = YES;
				CLANG_WARN_CONSTANT_CONVERSION = YES;
				CLANG_WARN_DEPRECATED_OBJC_IMPLEMENTATIONS = YES;
				CLANG_WARN_DIRECT_OBJC_ISA_USAGE = YES_ERROR;
				CLANG_WARN_DOCUMENTATION_COMMENTS = YES;
				CLANG_WARN_EMPTY_BODY = YES;
				CLANG_WARN_ENUM_CONVERSION = YES;
				CLANG_WARN_INFINITE_RECURSION = YES;
				CLANG_WARN_INT_CONVERSION = YES;
				CLANG_WARN_NON_LITERAL_NULL_CONVERSION = YES;
				CLANG_WARN_OBJC_IMPLICIT_RETAIN_SELF = YES;
				CLANG_WARN_OBJC_LITERAL_CONVERSION = YES;
				CLANG_WARN_OBJC_ROOT_CLASS = YES_ERROR;
				CLANG_WARN_QUOTED_INCLUDE_IN_FRAMEWORK_HEADER = YES;
				CLANG_WARN_RANGE_LOOP_ANALYSIS = YES;
				CLANG_WARN_STRICT_PROTOTYPES = YES;
				CLANG_WARN_SUSPICIOUS_MOVE = YES;
				CLANG_WARN_UNGUARDED_AVAILABILITY = YES_AGGRESSIVE;
				CLANG_WARN_UNREACHABLE_CODE = YES;
				CLANG_WARN__DUPLICATE_METHOD_MATCH = YES;
				COPY_PHASE_STRIP = NO;
				DEBUG_INFORMATION_FORMAT = "dwarf-with-dsym";
				ENABLE_NS_ASSERTIONS = NO;
				ENABLE_STRICT_OBJC_MSGSEND = YES;
				GCC_C_LANGUAGE_STANDARD = gnu11;
				GCC_NO_COMMON_BLOCKS = YES;
				GCC_WARN_64_TO_32_BIT_CONVERSION = YES;
				GCC_WARN_ABOUT_RETURN_TYPE = YES_ERROR;
				GCC_WARN_UNDECLARED_SELECTOR = YES;
				GCC_WARN_UNINITIALIZED_AUTOS = YES_AGGRESSIVE;
				GCC_WARN_UNUSED_FUNCTION = YES;
				GCC_WARN_UNUSED_VARIABLE = YES;
				IPHONEOS_DEPLOYMENT_TARGET = 15.5;
				MTL_ENABLE_DEBUG_INFO = NO;
				MTL_FAST_MATH = YES;
				SDKROOT = iphoneos;
				SWIFT_COMPILATION_MODE = wholemodule;
				SWIFT_OPTIMIZATION_LEVEL = "-O";
				VALIDATE_PRODUCT = YES;
			};
			name = Release;
		};
		CF3EEC012872766400BFF417 /* Debug */ = {
			isa = XCBuildConfiguration;
			buildSettings = {
				ASSETCATALOG_COMPILER_APPICON_NAME = AppIcon;
				ASSETCATALOG_COMPILER_GLOBAL_ACCENT_COLOR_NAME = AccentColor;
				CODE_SIGN_STYLE = Automatic;
				CURRENT_PROJECT_VERSION = 1;
				DEVELOPMENT_TEAM = V39QSCSL6T;
				GENERATE_INFOPLIST_FILE = YES;
				INFOPLIST_FILE = Movie/Info.plist;
				INFOPLIST_KEY_UIApplicationSupportsIndirectInputEvents = YES;
				INFOPLIST_KEY_UILaunchStoryboardName = LaunchScreen;
				INFOPLIST_KEY_UIMainStoryboardFile = Main;
				INFOPLIST_KEY_UISupportedInterfaceOrientations_iPad = "UIInterfaceOrientationPortrait UIInterfaceOrientationPortraitUpsideDown UIInterfaceOrientationLandscapeLeft UIInterfaceOrientationLandscapeRight";
				INFOPLIST_KEY_UISupportedInterfaceOrientations_iPhone = "UIInterfaceOrientationPortrait UIInterfaceOrientationLandscapeLeft UIInterfaceOrientationLandscapeRight";
				IPHONEOS_DEPLOYMENT_TARGET = 14.0;
				LD_RUNPATH_SEARCH_PATHS = (
					"$(inherited)",
					"@executable_path/Frameworks",
				);
				MARKETING_VERSION = 1.0;
				PRODUCT_BUNDLE_IDENTIFIER = com.sesac.lec.Movie;
				PRODUCT_NAME = "$(TARGET_NAME)";
				SWIFT_EMIT_LOC_STRINGS = YES;
				SWIFT_VERSION = 5.0;
				TARGETED_DEVICE_FAMILY = 1;
			};
			name = Debug;
		};
		CF3EEC022872766400BFF417 /* Release */ = {
			isa = XCBuildConfiguration;
			buildSettings = {
				ASSETCATALOG_COMPILER_APPICON_NAME = AppIcon;
				ASSETCATALOG_COMPILER_GLOBAL_ACCENT_COLOR_NAME = AccentColor;
				CODE_SIGN_STYLE = Automatic;
				CURRENT_PROJECT_VERSION = 1;
				DEVELOPMENT_TEAM = V39QSCSL6T;
				GENERATE_INFOPLIST_FILE = YES;
				INFOPLIST_FILE = Movie/Info.plist;
				INFOPLIST_KEY_UIApplicationSupportsIndirectInputEvents = YES;
				INFOPLIST_KEY_UILaunchStoryboardName = LaunchScreen;
				INFOPLIST_KEY_UIMainStoryboardFile = Main;
				INFOPLIST_KEY_UISupportedInterfaceOrientations_iPad = "UIInterfaceOrientationPortrait UIInterfaceOrientationPortraitUpsideDown UIInterfaceOrientationLandscapeLeft UIInterfaceOrientationLandscapeRight";
				INFOPLIST_KEY_UISupportedInterfaceOrientations_iPhone = "UIInterfaceOrientationPortrait UIInterfaceOrientationLandscapeLeft UIInterfaceOrientationLandscapeRight";
				IPHONEOS_DEPLOYMENT_TARGET = 14.0;
				LD_RUNPATH_SEARCH_PATHS = (
					"$(inherited)",
					"@executable_path/Frameworks",
				);
				MARKETING_VERSION = 1.0;
				PRODUCT_BUNDLE_IDENTIFIER = com.sesac.lec.Movie;
				PRODUCT_NAME = "$(TARGET_NAME)";
				SWIFT_EMIT_LOC_STRINGS = YES;
				SWIFT_VERSION = 5.0;
				TARGETED_DEVICE_FAMILY = 1;
			};
			name = Release;
		};
		CF3EEC042872766400BFF417 /* Debug */ = {
			isa = XCBuildConfiguration;
			buildSettings = {
				ALWAYS_EMBED_SWIFT_STANDARD_LIBRARIES = YES;
				BUNDLE_LOADER = "$(TEST_HOST)";
				CODE_SIGN_STYLE = Automatic;
				CURRENT_PROJECT_VERSION = 1;
				DEVELOPMENT_TEAM = V39QSCSL6T;
				GENERATE_INFOPLIST_FILE = YES;
				IPHONEOS_DEPLOYMENT_TARGET = 15.5;
				MARKETING_VERSION = 1.0;
				PRODUCT_BUNDLE_IDENTIFIER = com.sesac.lec.MovieTests;
				PRODUCT_NAME = "$(TARGET_NAME)";
				SWIFT_EMIT_LOC_STRINGS = NO;
				SWIFT_VERSION = 5.0;
				TARGETED_DEVICE_FAMILY = "1,2";
				TEST_HOST = "$(BUILT_PRODUCTS_DIR)/Movie.app/Movie";
			};
			name = Debug;
		};
		CF3EEC052872766400BFF417 /* Release */ = {
			isa = XCBuildConfiguration;
			buildSettings = {
				ALWAYS_EMBED_SWIFT_STANDARD_LIBRARIES = YES;
				BUNDLE_LOADER = "$(TEST_HOST)";
				CODE_SIGN_STYLE = Automatic;
				CURRENT_PROJECT_VERSION = 1;
				DEVELOPMENT_TEAM = V39QSCSL6T;
				GENERATE_INFOPLIST_FILE = YES;
				IPHONEOS_DEPLOYMENT_TARGET = 15.5;
				MARKETING_VERSION = 1.0;
				PRODUCT_BUNDLE_IDENTIFIER = com.sesac.lec.MovieTests;
				PRODUCT_NAME = "$(TARGET_NAME)";
				SWIFT_EMIT_LOC_STRINGS = NO;
				SWIFT_VERSION = 5.0;
				TARGETED_DEVICE_FAMILY = "1,2";
				TEST_HOST = "$(BUILT_PRODUCTS_DIR)/Movie.app/Movie";
			};
			name = Release;
		};
		CF3EEC072872766400BFF417 /* Debug */ = {
			isa = XCBuildConfiguration;
			buildSettings = {
				ALWAYS_EMBED_SWIFT_STANDARD_LIBRARIES = YES;
				CODE_SIGN_STYLE = Automatic;
				CURRENT_PROJECT_VERSION = 1;
				DEVELOPMENT_TEAM = V39QSCSL6T;
				GENERATE_INFOPLIST_FILE = YES;
				MARKETING_VERSION = 1.0;
				PRODUCT_BUNDLE_IDENTIFIER = com.sesac.lec.MovieUITests;
				PRODUCT_NAME = "$(TARGET_NAME)";
				SWIFT_EMIT_LOC_STRINGS = NO;
				SWIFT_VERSION = 5.0;
				TARGETED_DEVICE_FAMILY = "1,2";
				TEST_TARGET_NAME = Movie;
			};
			name = Debug;
		};
		CF3EEC082872766400BFF417 /* Release */ = {
			isa = XCBuildConfiguration;
			buildSettings = {
				ALWAYS_EMBED_SWIFT_STANDARD_LIBRARIES = YES;
				CODE_SIGN_STYLE = Automatic;
				CURRENT_PROJECT_VERSION = 1;
				DEVELOPMENT_TEAM = V39QSCSL6T;
				GENERATE_INFOPLIST_FILE = YES;
				MARKETING_VERSION = 1.0;
				PRODUCT_BUNDLE_IDENTIFIER = com.sesac.lec.MovieUITests;
				PRODUCT_NAME = "$(TARGET_NAME)";
				SWIFT_EMIT_LOC_STRINGS = NO;
				SWIFT_VERSION = 5.0;
				TARGETED_DEVICE_FAMILY = "1,2";
				TEST_TARGET_NAME = Movie;
			};
			name = Release;
		};
/* End XCBuildConfiguration section */

/* Begin XCConfigurationList section */
		CF3EEBD12872766100BFF417 /* Build configuration list for PBXProject "Movie" */ = {
			isa = XCConfigurationList;
			buildConfigurations = (
				CF3EEBFE2872766400BFF417 /* Debug */,
				CF3EEBFF2872766400BFF417 /* Release */,
			);
			defaultConfigurationIsVisible = 0;
			defaultConfigurationName = Release;
		};
		CF3EEC002872766400BFF417 /* Build configuration list for PBXNativeTarget "Movie" */ = {
			isa = XCConfigurationList;
			buildConfigurations = (
				CF3EEC012872766400BFF417 /* Debug */,
				CF3EEC022872766400BFF417 /* Release */,
			);
			defaultConfigurationIsVisible = 0;
			defaultConfigurationName = Release;
		};
		CF3EEC032872766400BFF417 /* Build configuration list for PBXNativeTarget "MovieTests" */ = {
			isa = XCConfigurationList;
			buildConfigurations = (
				CF3EEC042872766400BFF417 /* Debug */,
				CF3EEC052872766400BFF417 /* Release */,
			);
			defaultConfigurationIsVisible = 0;
			defaultConfigurationName = Release;
		};
		CF3EEC062872766400BFF417 /* Build configuration list for PBXNativeTarget "MovieUITests" */ = {
			isa = XCConfigurationList;
			buildConfigurations = (
				CF3EEC072872766400BFF417 /* Debug */,
				CF3EEC082872766400BFF417 /* Release */,
			);
			defaultConfigurationIsVisible = 0;
			defaultConfigurationName = Release;
		};
/* End XCConfigurationList section */
	};
	rootObject = CF3EEBCE2872766100BFF417 /* Project object */;
}
